// !$*UTF8*$!
{
	archiveVersion = 1;
	classes = {
	};
	objectVersion = 56;
	objects = {

/* Begin PBXBuildFile section */
		3D0A41522AA7A5600005A69B /* BeginningMenu.swift in Sources */ = {isa = PBXBuildFile; fileRef = 3D0A41512AA7A5600005A69B /* BeginningMenu.swift */; };
		3D30512D2AA5B64600670A75 /* AppDelegate.swift in Sources */ = {isa = PBXBuildFile; fileRef = 3D30512C2AA5B64600670A75 /* AppDelegate.swift */; };
		3D30512F2AA5B64600670A75 /* SceneDelegate.swift in Sources */ = {isa = PBXBuildFile; fileRef = 3D30512E2AA5B64600670A75 /* SceneDelegate.swift */; };
		3D3051312AA5B64600670A75 /* iPhoneMenu.swift in Sources */ = {isa = PBXBuildFile; fileRef = 3D3051302AA5B64600670A75 /* iPhoneMenu.swift */; };
		3D3051342AA5B64600670A75 /* Main.storyboard in Resources */ = {isa = PBXBuildFile; fileRef = 3D3051322AA5B64600670A75 /* Main.storyboard */; };
		3D3051362AA5B64700670A75 /* Assets.xcassets in Resources */ = {isa = PBXBuildFile; fileRef = 3D3051352AA5B64700670A75 /* Assets.xcassets */; };
		3D3051392AA5B64700670A75 /* LaunchScreen.storyboard in Resources */ = {isa = PBXBuildFile; fileRef = 3D3051372AA5B64700670A75 /* LaunchScreen.storyboard */; };
		3D3051412AA5B66700670A75 /* iPhoneVS.swift in Sources */ = {isa = PBXBuildFile; fileRef = 3D3051402AA5B66700670A75 /* iPhoneVS.swift */; };
		3D3051432AA6655B00670A75 /* mainMenu.swift in Sources */ = {isa = PBXBuildFile; fileRef = 3D3051422AA6655B00670A75 /* mainMenu.swift */; };
		3D3051452AA6695F00670A75 /* macVS.swift in Sources */ = {isa = PBXBuildFile; fileRef = 3D3051442AA6695F00670A75 /* macVS.swift */; };
		3D3051472AA66D3C00670A75 /* macMenu.swift in Sources */ = {isa = PBXBuildFile; fileRef = 3D3051462AA66D3C00670A75 /* macMenu.swift */; };
		3D3051492AA66D5200670A75 /* ipadMenu.swift in Sources */ = {isa = PBXBuildFile; fileRef = 3D3051482AA66D5200670A75 /* ipadMenu.swift */; };
		3D30514B2AA66D6500670A75 /* ipadVS.swift in Sources */ = {isa = PBXBuildFile; fileRef = 3D30514A2AA66D6500670A75 /* ipadVS.swift */; };
		3D30514D2AA66D8E00670A75 /* accessoriesMenu.swift in Sources */ = {isa = PBXBuildFile; fileRef = 3D30514C2AA66D8E00670A75 /* accessoriesMenu.swift */; };
		3D30514F2AA66D9F00670A75 /* accessoriesVS.swift in Sources */ = {isa = PBXBuildFile; fileRef = 3D30514E2AA66D9F00670A75 /* accessoriesVS.swift */; };
/* End PBXBuildFile section */

/* Begin PBXFileReference section */
		3D0A41512AA7A5600005A69B /* BeginningMenu.swift */ = {isa = PBXFileReference; lastKnownFileType = sourcecode.swift; path = BeginningMenu.swift; sourceTree = "<group>"; };
		3D3051292AA5B64600670A75 /* LandmarkBook.app */ = {isa = PBXFileReference; explicitFileType = wrapper.application; includeInIndex = 0; path = LandmarkBook.app; sourceTree = BUILT_PRODUCTS_DIR; };
		3D30512C2AA5B64600670A75 /* AppDelegate.swift */ = {isa = PBXFileReference; lastKnownFileType = sourcecode.swift; path = AppDelegate.swift; sourceTree = "<group>"; };
		3D30512E2AA5B64600670A75 /* SceneDelegate.swift */ = {isa = PBXFileReference; lastKnownFileType = sourcecode.swift; path = SceneDelegate.swift; sourceTree = "<group>"; };
		3D3051302AA5B64600670A75 /* iPhoneMenu.swift */ = {isa = PBXFileReference; lastKnownFileType = sourcecode.swift; path = iPhoneMenu.swift; sourceTree = "<group>"; };
		3D3051332AA5B64600670A75 /* Base */ = {isa = PBXFileReference; lastKnownFileType = file.storyboard; name = Base; path = Base.lproj/Main.storyboard; sourceTree = "<group>"; };
		3D3051352AA5B64700670A75 /* Assets.xcassets */ = {isa = PBXFileReference; lastKnownFileType = folder.assetcatalog; path = Assets.xcassets; sourceTree = "<group>"; };
		3D3051382AA5B64700670A75 /* Base */ = {isa = PBXFileReference; lastKnownFileType = file.storyboard; name = Base; path = Base.lproj/LaunchScreen.storyboard; sourceTree = "<group>"; };
		3D30513A2AA5B64700670A75 /* Info.plist */ = {isa = PBXFileReference; lastKnownFileType = text.plist.xml; path = Info.plist; sourceTree = "<group>"; };
		3D3051402AA5B66700670A75 /* iPhoneVS.swift */ = {isa = PBXFileReference; lastKnownFileType = sourcecode.swift; path = iPhoneVS.swift; sourceTree = "<group>"; };
		3D3051422AA6655B00670A75 /* mainMenu.swift */ = {isa = PBXFileReference; lastKnownFileType = sourcecode.swift; path = mainMenu.swift; sourceTree = "<group>"; };
		3D3051442AA6695F00670A75 /* macVS.swift */ = {isa = PBXFileReference; lastKnownFileType = sourcecode.swift; path = macVS.swift; sourceTree = "<group>"; };
		3D3051462AA66D3C00670A75 /* macMenu.swift */ = {isa = PBXFileReference; lastKnownFileType = sourcecode.swift; path = macMenu.swift; sourceTree = "<group>"; };
		3D3051482AA66D5200670A75 /* ipadMenu.swift */ = {isa = PBXFileReference; lastKnownFileType = sourcecode.swift; path = ipadMenu.swift; sourceTree = "<group>"; };
		3D30514A2AA66D6500670A75 /* ipadVS.swift */ = {isa = PBXFileReference; lastKnownFileType = sourcecode.swift; path = ipadVS.swift; sourceTree = "<group>"; };
		3D30514C2AA66D8E00670A75 /* accessoriesMenu.swift */ = {isa = PBXFileReference; lastKnownFileType = sourcecode.swift; path = accessoriesMenu.swift; sourceTree = "<group>"; };
		3D30514E2AA66D9F00670A75 /* accessoriesVS.swift */ = {isa = PBXFileReference; lastKnownFileType = sourcecode.swift; path = accessoriesVS.swift; sourceTree = "<group>"; };
/* End PBXFileReference section */

/* Begin PBXFrameworksBuildPhase section */
		3D3051262AA5B64600670A75 /* Frameworks */ = {
			isa = PBXFrameworksBuildPhase;
			buildActionMask = 2147483647;
			files = (
			);
			runOnlyForDeploymentPostprocessing = 0;
		};
/* End PBXFrameworksBuildPhase section */

/* Begin PBXGroup section */
		3D3051202AA5B64600670A75 = {
			isa = PBXGroup;
			children = (
				3D30512B2AA5B64600670A75 /* LandmarkBook */,
				3D30512A2AA5B64600670A75 /* Products */,
			);
			sourceTree = "<group>";
		};
		3D30512A2AA5B64600670A75 /* Products */ = {
			isa = PBXGroup;
			children = (
				3D3051292AA5B64600670A75 /* LandmarkBook.app */,
			);
			name = Products;
			sourceTree = "<group>";
		};
		3D30512B2AA5B64600670A75 /* LandmarkBook */ = {
			isa = PBXGroup;
			children = (
				3D30512C2AA5B64600670A75 /* AppDelegate.swift */,
				3D30512E2AA5B64600670A75 /* SceneDelegate.swift */,
				3D0A41512AA7A5600005A69B /* BeginningMenu.swift */,
				3D3051422AA6655B00670A75 /* mainMenu.swift */,
				3D3051302AA5B64600670A75 /* iPhoneMenu.swift */,
				3D3051402AA5B66700670A75 /* iPhoneVS.swift */,
				3D3051462AA66D3C00670A75 /* macMenu.swift */,
				3D3051442AA6695F00670A75 /* macVS.swift */,
				3D3051482AA66D5200670A75 /* ipadMenu.swift */,
				3D30514A2AA66D6500670A75 /* ipadVS.swift */,
				3D30514C2AA66D8E00670A75 /* accessoriesMenu.swift */,
				3D30514E2AA66D9F00670A75 /* accessoriesVS.swift */,
				3D3051322AA5B64600670A75 /* Main.storyboard */,
				3D3051352AA5B64700670A75 /* Assets.xcassets */,
				3D3051372AA5B64700670A75 /* LaunchScreen.storyboard */,
				3D30513A2AA5B64700670A75 /* Info.plist */,
			);
			path = LandmarkBook;
			sourceTree = "<group>";
		};
/* End PBXGroup section */

/* Begin PBXNativeTarget section */
		3D3051282AA5B64600670A75 /* LandmarkBook */ = {
			isa = PBXNativeTarget;
			buildConfigurationList = 3D30513D2AA5B64700670A75 /* Build configuration list for PBXNativeTarget "LandmarkBook" */;
			buildPhases = (
				3D3051252AA5B64600670A75 /* Sources */,
				3D3051262AA5B64600670A75 /* Frameworks */,
				3D3051272AA5B64600670A75 /* Resources */,
			);
			buildRules = (
			);
			dependencies = (
			);
			name = LandmarkBook;
			productName = LandmarkBook;
			productReference = 3D3051292AA5B64600670A75 /* LandmarkBook.app */;
			productType = "com.apple.product-type.application";
		};
/* End PBXNativeTarget section */

/* Begin PBXProject section */
		3D3051212AA5B64600670A75 /* Project object */ = {
			isa = PBXProject;
			attributes = {
				BuildIndependentTargetsInParallel = 1;
				LastSwiftUpdateCheck = 1430;
				LastUpgradeCheck = 1430;
				TargetAttributes = {
					3D3051282AA5B64600670A75 = {
						CreatedOnToolsVersion = 14.3.1;
					};
				};
			};
			buildConfigurationList = 3D3051242AA5B64600670A75 /* Build configuration list for PBXProject "LandmarkBook" */;
			compatibilityVersion = "Xcode 14.0";
			developmentRegion = en;
			hasScannedForEncodings = 0;
			knownRegions = (
				en,
				Base,
			);
			mainGroup = 3D3051202AA5B64600670A75;
			productRefGroup = 3D30512A2AA5B64600670A75 /* Products */;
			projectDirPath = "";
			projectRoot = "";
			targets = (
				3D3051282AA5B64600670A75 /* LandmarkBook */,
			);
		};
/* End PBXProject section */

/* Begin PBXResourcesBuildPhase section */
		3D3051272AA5B64600670A75 /* Resources */ = {
			isa = PBXResourcesBuildPhase;
			buildActionMask = 2147483647;
			files = (
				3D3051392AA5B64700670A75 /* LaunchScreen.storyboard in Resources */,
				3D3051362AA5B64700670A75 /* Assets.xcassets in Resources */,
				3D3051342AA5B64600670A75 /* Main.storyboard in Resources */,
			);
			runOnlyForDeploymentPostprocessing = 0;
		};
/* End PBXResourcesBuildPhase section */

/* Begin PBXSourcesBuildPhase section */
		3D3051252AA5B64600670A75 /* Sources */ = {
			isa = PBXSourcesBuildPhase;
			buildActionMask = 2147483647;
			files = (
				3D0A41522AA7A5600005A69B /* BeginningMenu.swift in Sources */,
				3D3051452AA6695F00670A75 /* macVS.swift in Sources */,
				3D3051432AA6655B00670A75 /* mainMenu.swift in Sources */,
				3D30514F2AA66D9F00670A75 /* accessoriesVS.swift in Sources */,
				3D3051312AA5B64600670A75 /* iPhoneMenu.swift in Sources */,
				3D3051412AA5B66700670A75 /* iPhoneVS.swift in Sources */,
				3D3051492AA66D5200670A75 /* ipadMenu.swift in Sources */,
				3D30514D2AA66D8E00670A75 /* accessoriesMenu.swift in Sources */,
				3D30512D2AA5B64600670A75 /* AppDelegate.swift in Sources */,
				3D3051472AA66D3C00670A75 /* macMenu.swift in Sources */,
				3D30514B2AA66D6500670A75 /* ipadVS.swift in Sources */,
				3D30512F2AA5B64600670A75 /* SceneDelegate.swift in Sources */,
			);
			runOnlyForDeploymentPostprocessing = 0;
		};
/* End PBXSourcesBuildPhase section */

/* Begin PBXVariantGroup section */
		3D3051322AA5B64600670A75 /* Main.storyboard */ = {
			isa = PBXVariantGroup;
			children = (
				3D3051332AA5B64600670A75 /* Base */,
			);
			name = Main.storyboard;
			sourceTree = "<group>";
		};
		3D3051372AA5B64700670A75 /* LaunchScreen.storyboard */ = {
			isa = PBXVariantGroup;
			children = (
				3D3051382AA5B64700670A75 /* Base */,
			);
			name = LaunchScreen.storyboard;
			sourceTree = "<group>";
		};
/* End PBXVariantGroup section */

/* Begin XCBuildConfiguration section */
		3D30513B2AA5B64700670A75 /* Debug */ = {
			isa = XCBuildConfiguration;
			buildSettings = {
				ALWAYS_SEARCH_USER_PATHS = NO;
				CLANG_ANALYZER_NONNULL = YES;
				CLANG_ANALYZER_NUMBER_OBJECT_CONVERSION = YES_AGGRESSIVE;
				CLANG_CXX_LANGUAGE_STANDARD = "gnu++20";
				CLANG_ENABLE_MODULES = YES;
				CLANG_ENABLE_OBJC_ARC = YES;
				CLANG_ENABLE_OBJC_WEAK = YES;
				CLANG_WARN_BLOCK_CAPTURE_AUTORELEASING = YES;
				CLANG_WARN_BOOL_CONVERSION = YES;
				CLANG_WARN_COMMA = YES;
				CLANG_WARN_CONSTANT_CONVERSION = YES;
				CLANG_WARN_DEPRECATED_OBJC_IMPLEMENTATIONS = YES;
				CLANG_WARN_DIRECT_OBJC_ISA_USAGE = YES_ERROR;
				CLANG_WARN_DOCUMENTATION_COMMENTS = YES;
				CLANG_WARN_EMPTY_BODY = YES;
				CLANG_WARN_ENUM_CONVERSION = YES;
				CLANG_WARN_INFINITE_RECURSION = YES;
				CLANG_WARN_INT_CONVERSION = YES;
				CLANG_WARN_NON_LITERAL_NULL_CONVERSION = YES;
				CLANG_WARN_OBJC_IMPLICIT_RETAIN_SELF = YES;
				CLANG_WARN_OBJC_LITERAL_CONVERSION = YES;
				CLANG_WARN_OBJC_ROOT_CLASS = YES_ERROR;
				CLANG_WARN_QUOTED_INCLUDE_IN_FRAMEWORK_HEADER = YES;
				CLANG_WARN_RANGE_LOOP_ANALYSIS = YES;
				CLANG_WARN_STRICT_PROTOTYPES = YES;
				CLANG_WARN_SUSPICIOUS_MOVE = YES;
				CLANG_WARN_UNGUARDED_AVAILABILITY = YES_AGGRESSIVE;
				CLANG_WARN_UNREACHABLE_CODE = YES;
				CLANG_WARN__DUPLICATE_METHOD_MATCH = YES;
				COPY_PHASE_STRIP = NO;
				DEBUG_INFORMATION_FORMAT = dwarf;
				ENABLE_STRICT_OBJC_MSGSEND = YES;
				ENABLE_TESTABILITY = YES;
				GCC_C_LANGUAGE_STANDARD = gnu11;
				GCC_DYNAMIC_NO_PIC = NO;
				GCC_NO_COMMON_BLOCKS = YES;
				GCC_OPTIMIZATION_LEVEL = 0;
				GCC_PREPROCESSOR_DEFINITIONS = (
					"DEBUG=1",
					"$(inherited)",
				);
				GCC_WARN_64_TO_32_BIT_CONVERSION = YES;
				GCC_WARN_ABOUT_RETURN_TYPE = YES_ERROR;
				GCC_WARN_UNDECLARED_SELECTOR = YES;
				GCC_WARN_UNINITIALIZED_AUTOS = YES_AGGRESSIVE;
				GCC_WARN_UNUSED_FUNCTION = YES;
				GCC_WARN_UNUSED_VARIABLE = YES;
				IPHONEOS_DEPLOYMENT_TARGET = 16.4;
				MTL_ENABLE_DEBUG_INFO = INCLUDE_SOURCE;
				MTL_FAST_MATH = YES;
				ONLY_ACTIVE_ARCH = YES;
				SDKROOT = iphoneos;
				SWIFT_ACTIVE_COMPILATION_CONDITIONS = DEBUG;
				SWIFT_OPTIMIZATION_LEVEL = "-Onone";
			};
			name = Debug;
		};
		3D30513C2AA5B64700670A75 /* Release */ = {
			isa = XCBuildConfiguration;
			buildSettings = {
				ALWAYS_SEARCH_USER_PATHS = NO;
				CLANG_ANALYZER_NONNULL = YES;
				CLANG_ANALYZER_NUMBER_OBJECT_CONVERSION = YES_AGGRESSIVE;
				CLANG_CXX_LANGUAGE_STANDARD = "gnu++20";
				CLANG_ENABLE_MODULES = YES;
				CLANG_ENABLE_OBJC_ARC = YES;
				CLANG_ENABLE_OBJC_WEAK = YES;
				CLANG_WARN_BLOCK_CAPTURE_AUTORELEASING = YES;
				CLANG_WARN_BOOL_CONVERSION = YES;
				CLANG_WARN_COMMA = YES;
				CLANG_WARN_CONSTANT_CONVERSION = YES;
				CLANG_WARN_DEPRECATED_OBJC_IMPLEMENTATIONS = YES;
				CLANG_WARN_DIRECT_OBJC_ISA_USAGE = YES_ERROR;
				CLANG_WARN_DOCUMENTATION_COMMENTS = YES;
				CLANG_WARN_EMPTY_BODY = YES;
				CLANG_WARN_ENUM_CONVERSION = YES;
				CLANG_WARN_INFINITE_RECURSION = YES;
				CLANG_WARN_INT_CONVERSION = YES;
				CLANG_WARN_NON_LITERAL_NULL_CONVERSION = YES;
				CLANG_WARN_OBJC_IMPLICIT_RETAIN_SELF = YES;
				CLANG_WARN_OBJC_LITERAL_CONVERSION = YES;
				CLANG_WARN_OBJC_ROOT_CLASS = YES_ERROR;
				CLANG_WARN_QUOTED_INCLUDE_IN_FRAMEWORK_HEADER = YES;
				CLANG_WARN_RANGE_LOOP_ANALYSIS = YES;
				CLANG_WARN_STRICT_PROTOTYPES = YES;
				CLANG_WARN_SUSPICIOUS_MOVE = YES;
				CLANG_WARN_UNGUARDED_AVAILABILITY = YES_AGGRESSIVE;
				CLANG_WARN_UNREACHABLE_CODE = YES;
				CLANG_WARN__DUPLICATE_METHOD_MATCH = YES;
				COPY_PHASE_STRIP = NO;
				DEBUG_INFORMATION_FORMAT = "dwarf-with-dsym";
				ENABLE_NS_ASSERTIONS = NO;
				ENABLE_STRICT_OBJC_MSGSEND = YES;
				GCC_C_LANGUAGE_STANDARD = gnu11;
				GCC_NO_COMMON_BLOCKS = YES;
				GCC_WARN_64_TO_32_BIT_CONVERSION = YES;
				GCC_WARN_ABOUT_RETURN_TYPE = YES_ERROR;
				GCC_WARN_UNDECLARED_SELECTOR = YES;
				GCC_WARN_UNINITIALIZED_AUTOS = YES_AGGRESSIVE;
				GCC_WARN_UNUSED_FUNCTION = YES;
				GCC_WARN_UNUSED_VARIABLE = YES;
				IPHONEOS_DEPLOYMENT_TARGET = 16.4;
				MTL_ENABLE_DEBUG_INFO = NO;
				MTL_FAST_MATH = YES;
				SDKROOT = iphoneos;
				SWIFT_COMPILATION_MODE = wholemodule;
				SWIFT_OPTIMIZATION_LEVEL = "-O";
				VALIDATE_PRODUCT = YES;
			};
			name = Release;
		};
		3D30513E2AA5B64700670A75 /* Debug */ = {
			isa = XCBuildConfiguration;
			buildSettings = {
				ASSETCATALOG_COMPILER_APPICON_NAME = AppIcon;
				ASSETCATALOG_COMPILER_GLOBAL_ACCENT_COLOR_NAME = AccentColor;
				CODE_SIGN_STYLE = Automatic;
				CURRENT_PROJECT_VERSION = 1;
				GENERATE_INFOPLIST_FILE = YES;
				INFOPLIST_FILE = LandmarkBook/Info.plist;
				INFOPLIST_KEY_UIApplicationSupportsIndirectInputEvents = YES;
				INFOPLIST_KEY_UILaunchStoryboardName = LaunchScreen;
				INFOPLIST_KEY_UIMainStoryboardFile = Main;
				INFOPLIST_KEY_UISupportedInterfaceOrientations_iPad = "UIInterfaceOrientationPortrait UIInterfaceOrientationPortraitUpsideDown UIInterfaceOrientationLandscapeLeft UIInterfaceOrientationLandscapeRight";
				INFOPLIST_KEY_UISupportedInterfaceOrientations_iPhone = "UIInterfaceOrientationPortrait UIInterfaceOrientationLandscapeLeft UIInterfaceOrientationLandscapeRight";
				LD_RUNPATH_SEARCH_PATHS = (
					"$(inherited)",
					"@executable_path/Frameworks",
				);
				MARKETING_VERSION = 1.0;
				PRODUCT_BUNDLE_IDENTIFIER = com.fatihoguz.LandmarkBook;
				PRODUCT_NAME = "$(TARGET_NAME)";
				SWIFT_EMIT_LOC_STRINGS = YES;
				SWIFT_VERSION = 5.0;
				TARGETED_DEVICE_FAMILY = "1,2";
			};
			name = Debug;
		};
		3D30513F2AA5B64700670A75 /* Release */ = {
			isa = XCBuildConfiguration;
			buildSettings = {
				ASSETCATALOG_COMPILER_APPICON_NAME = AppIcon;
				ASSETCATALOG_COMPILER_GLOBAL_ACCENT_COLOR_NAME = AccentColor;
				CODE_SIGN_STYLE = Automatic;
				CURRENT_PROJECT_VERSION = 1;
				GENERATE_INFOPLIST_FILE = YES;
				INFOPLIST_FILE = LandmarkBook/Info.plist;
				INFOPLIST_KEY_UIApplicationSupportsIndirectInputEvents = YES;
				INFOPLIST_KEY_UILaunchStoryboardName = LaunchScreen;
				INFOPLIST_KEY_UIMainStoryboardFile = Main;
				INFOPLIST_KEY_UISupportedInterfaceOrientations_iPad = "UIInterfaceOrientationPortrait UIInterfaceOrientationPortraitUpsideDown UIInterfaceOrientationLandscapeLeft UIInterfaceOrientationLandscapeRight";
				INFOPLIST_KEY_UISupportedInterfaceOrientations_iPhone = "UIInterfaceOrientationPortrait UIInterfaceOrientationLandscapeLeft UIInterfaceOrientationLandscapeRight";
				LD_RUNPATH_SEARCH_PATHS = (
					"$(inherited)",
					"@executable_path/Frameworks",
				);
				MARKETING_VERSION = 1.0;
				PRODUCT_BUNDLE_IDENTIFIER = com.fatihoguz.LandmarkBook;
				PRODUCT_NAME = "$(TARGET_NAME)";
				SWIFT_EMIT_LOC_STRINGS = YES;
				SWIFT_VERSION = 5.0;
				TARGETED_DEVICE_FAMILY = "1,2";
			};
			name = Release;
		};
/* End XCBuildConfiguration section */

/* Begin XCConfigurationList section */
		3D3051242AA5B64600670A75 /* Build configuration list for PBXProject "LandmarkBook" */ = {
			isa = XCConfigurationList;
			buildConfigurations = (
				3D30513B2AA5B64700670A75 /* Debug */,
				3D30513C2AA5B64700670A75 /* Release */,
			);
			defaultConfigurationIsVisible = 0;
			defaultConfigurationName = Release;
		};
		3D30513D2AA5B64700670A75 /* Build configuration list for PBXNativeTarget "LandmarkBook" */ = {
			isa = XCConfigurationList;
			buildConfigurations = (
				3D30513E2AA5B64700670A75 /* Debug */,
				3D30513F2AA5B64700670A75 /* Release */,
			);
			defaultConfigurationIsVisible = 0;
			defaultConfigurationName = Release;
		};
/* End XCConfigurationList section */
	};
	rootObject = 3D3051212AA5B64600670A75 /* Project object */;
}
